
Microsoft Visual Studio Solution File, Format Version 12.00
# Visual Studio Version 17
VisualStudioVersion = 17.0.31903.59
MinimumVisualStudioVersion = 10.0.40219.1
Project("{2150E333-8FDC-42A3-9474-1A3956D46DE8}") = "src", "src", "{6981640C-F67F-4A46-A176-C9EADD822314}"
EndProject
Project("{FAE04EC0-301F-11D3-BF4B-00C04F79EFBC}") = "Dsh.Cordis", "src\Dsh.Cordis\Dsh.Cordis.csproj", "{3313DD75-F503-4A4F-AC76-B93AC0ACE90F}"
EndProject
Project("{2150E333-8FDC-42A3-9474-1A3956D46DE8}") = "tests", "tests", "{352B7680-BB85-423C-A045-6A5704706B9F}"
EndProject
Project("{FAE04EC0-301F-11D3-BF4B-00C04F79EFBC}") = "Dsh.Tests", "tests\Dsh.Tests\Dsh.Tests.csproj", "{69DE2CC1-6A5C-41A6-989E-42AC3EC409A0}"
EndProject
Project("{FAE04EC0-301F-11D3-BF4B-00C04F79EFBC}") = "Dsh.Llm", "src\Dsh.Llm\Dsh.Llm.csproj", "{8B1EC88C-8F44-490D-97C9-A2CD122120ED}"
EndProject
Project("{FAE04EC0-301F-11D3-BF4B-00C04F79EFBC}") = "Dsh.Session", "src\Dsh.Session\Dsh.Session.csproj", "{3D7A2626-922D-4937-A5C9-36D35C28F53B}"
EndProject
Project("{FAE04EC0-301F-11D3-BF4B-00C04F79EFBC}") = "Dsh.Llm.Fake", "src\Dsh.Llm.Fake\Dsh.Llm.Fake.csproj", "{BC84E6C5-91F9-4E9B-9803-C8B1032E1B08}"
EndProject
Project("{FAE04EC0-301F-11D3-BF4B-00C04F79EFBC}") = "Dsh.Tools", "src\Dsh.Tools\Dsh.Tools.csproj", "{25E915CB-BB65-4124-8FFC-C9EC3020A9F1}"
EndProject
Project("{FAE04EC0-301F-11D3-BF4B-00C04F79EFBC}") = "Dsh.SystemPrompt", "src\Dsh.SystemPrompt\Dsh.SystemPrompt.csproj", "{03587ED4-0A05-4CAF-A0A2-870CC9A49150}"
EndProject
Project("{FAE04EC0-301F-11D3-BF4B-00C04F79EFBC}") = "Dsh.Agent", "src\Dsh.Agent\Dsh.Agent.csproj", "{3A77F872-DF2C-489F-9241-02A0A1C0AE6A}"
EndProject
Project("{FAE04EC0-301F-11D3-BF4B-00C04F79EFBC}") = "Dsh.AgentLoop", "src\Dsh.AgentLoop\Dsh.AgentLoop.csproj", "{60A08625-E879-49B0-AADE-72D6658445E8}"
EndProject
Project("{FAE04EC0-301F-11D3-BF4B-00C04F79EFBC}") = "Dsh.Util", "src\Dsh.Util\Dsh.Util.csproj", "{667B95BE-C782-4CDE-ABA9-2DC94899FFC2}"
EndProject
Project("{FAE04EC0-301F-11D3-BF4B-00C04F79EFBC}") = "Dsh.Fs", "src\Dsh.Fs\Dsh.Fs.csproj", "{1D2FEC23-CB5C-4807-A952-60779E830358}"
EndProject
Project("{FAE04EC0-301F-11D3-BF4B-00C04F79EFBC}") = "Dsh.Shell", "src\Dsh.Shell\Dsh.Shell.csproj", "{6EE48652-7611-4876-9A49-74A1B980C86F}"
EndProject
Project("{FAE04EC0-301F-11D3-BF4B-00C04F79EFBC}") = "Dsh.Tools.Fs", "src\Dsh.Tools.Fs\Dsh.Tools.Fs.csproj", "{1BCEA9A0-8FB1-46A6-9DBD-3BD8216710EC}"
EndProject
Project("{FAE04EC0-301F-11D3-BF4B-00C04F79EFBC}") = "Dsh.Tools.Shell", "src\Dsh.Tools.Shell\Dsh.Tools.Shell.csproj", "{7AD8FD1D-AFBC-4F42-B6E2-63E7E78A5988}"
EndProject
Project("{FAE04EC0-301F-11D3-BF4B-00C04F79EFBC}") = "Dsh.Tools.Todo", "src\Dsh.Tools.Todo\Dsh.Tools.Todo.csproj", "{803348E1-FFBB-46B9-B38B-CF811AFD9048}"
EndProject
Project("{FAE04EC0-301F-11D3-BF4B-00C04F79EFBC}") = "Dsh.Interaction", "src\Dsh.Interaction\Dsh.Interaction.csproj", "{077707D0-91D6-4BC9-A392-94DBAB63D2FA}"
EndProject
Project("{FAE04EC0-301F-11D3-BF4B-00C04F79EFBC}") = "Dsh.Credentials", "src\Dsh.Credentials\Dsh.Credentials.csproj", "{D2D9478B-7669-47EF-8923-0748F3808E19}"
EndProject
Project("{FAE04EC0-301F-11D3-BF4B-00C04F79EFBC}") = "Dsh.Settings", "src\Dsh.Settings\Dsh.Settings.csproj", "{01E8505D-B478-4CA9-A938-F4BD91C1DE1C}"
EndProject
Project("{FAE04EC0-301F-11D3-BF4B-00C04F79EFBC}") = "Dsh.Session.Persistence", "src\Dsh.Session.Persistence\Dsh.Session.Persistence.csproj", "{A01B70B3-0F29-40E1-A7BF-EF145D7F6A15}"
EndProject
Project("{FAE04EC0-301F-11D3-BF4B-00C04F79EFBC}") = "Dsh.Llm.DeepSeek", "src\Dsh.Llm.DeepSeek\Dsh.Llm.DeepSeek.csproj", "{2FB845E6-B6D4-4217-8666-F55AB35B15BA}"
EndProject
Project("{FAE04EC0-301F-11D3-BF4B-00C04F79EFBC}") = "Dsh.Bundle.Base", "src\Dsh.Bundle.Base\Dsh.Bundle.Base.csproj", "{3CD77317-DBE7-4FF6-B840-971DF4B72FA8}"
EndProject
Project("{FAE04EC0-301F-11D3-BF4B-00C04F79EFBC}") = "Dsh.Cli", "src\Dsh.Cli\Dsh.Cli.csproj", "{D9305DD3-68F7-489B-B9F5-305401F2AE1B}"
EndProject
Project("{FAE04EC0-301F-11D3-BF4B-00C04F79EFBC}") = "Dsh.App.Core", "src\Dsh.App.Core\Dsh.App.Core.csproj", "{1A7BD555-7DFE-44EB-813A-6A5FF4552472}"
EndProject
Global
	GlobalSection(SolutionConfigurationPlatforms) = preSolution
		Debug|Any CPU = Debug|Any CPU
		Release|Any CPU = Release|Any CPU
	EndGlobalSection
	GlobalSection(SolutionProperties) = preSolution
		HideSolutionNode = FALSE
	EndGlobalSection
	GlobalSection(ProjectConfigurationPlatforms) = postSolution
		{3313DD75-F503-4A4F-AC76-B93AC0ACE90F}.Debug|Any CPU.ActiveCfg = Debug|Any CPU
		{3313DD75-F503-4A4F-AC76-B93AC0ACE90F}.Debug|Any CPU.Build.0 = Debug|Any CPU
		{3313DD75-F503-4A4F-AC76-B93AC0ACE90F}.Release|Any CPU.ActiveCfg = Release|Any CPU
		{3313DD75-F503-4A4F-AC76-B93AC0ACE90F}.Release|Any CPU.Build.0 = Release|Any CPU
		{69DE2CC1-6A5C-41A6-989E-42AC3EC409A0}.Debug|Any CPU.ActiveCfg = Debug|Any CPU
		{69DE2CC1-6A5C-41A6-989E-42AC3EC409A0}.Debug|Any CPU.Build.0 = Debug|Any CPU
		{69DE2CC1-6A5C-41A6-989E-42AC3EC409A0}.Release|Any CPU.ActiveCfg = Release|Any CPU
		{69DE2CC1-6A5C-41A6-989E-42AC3EC409A0}.Release|Any CPU.Build.0 = Release|Any CPU
		{8B1EC88C-8F44-490D-97C9-A2CD122120ED}.Debug|Any CPU.ActiveCfg = Debug|Any CPU
		{8B1EC88C-8F44-490D-97C9-A2CD122120ED}.Debug|Any CPU.Build.0 = Debug|Any CPU
		{8B1EC88C-8F44-490D-97C9-A2CD122120ED}.Release|Any CPU.ActiveCfg = Release|Any CPU
		{8B1EC88C-8F44-490D-97C9-A2CD122120ED}.Release|Any CPU.Build.0 = Release|Any CPU
		{3D7A2626-922D-4937-A5C9-36D35C28F53B}.Debug|Any CPU.ActiveCfg = Debug|Any CPU
		{3D7A2626-922D-4937-A5C9-36D35C28F53B}.Debug|Any CPU.Build.0 = Debug|Any CPU
		{3D7A2626-922D-4937-A5C9-36D35C28F53B}.Release|Any CPU.ActiveCfg = Release|Any CPU
		{3D7A2626-922D-4937-A5C9-36D35C28F53B}.Release|Any CPU.Build.0 = Release|Any CPU
		{BC84E6C5-91F9-4E9B-9803-C8B1032E1B08}.Debug|Any CPU.ActiveCfg = Debug|Any CPU
		{BC84E6C5-91F9-4E9B-9803-C8B1032E1B08}.Debug|Any CPU.Build.0 = Debug|Any CPU
		{BC84E6C5-91F9-4E9B-9803-C8B1032E1B08}.Release|Any CPU.ActiveCfg = Release|Any CPU
		{BC84E6C5-91F9-4E9B-9803-C8B1032E1B08}.Release|Any CPU.Build.0 = Release|Any CPU
		{25E915CB-BB65-4124-8FFC-C9EC3020A9F1}.Debug|Any CPU.ActiveCfg = Debug|Any CPU
		{25E915CB-BB65-4124-8FFC-C9EC3020A9F1}.Debug|Any CPU.Build.0 = Debug|Any CPU
		{25E915CB-BB65-4124-8FFC-C9EC3020A9F1}.Release|Any CPU.ActiveCfg = Release|Any CPU
		{25E915CB-BB65-4124-8FFC-C9EC3020A9F1}.Release|Any CPU.Build.0 = Release|Any CPU
		{03587ED4-0A05-4CAF-A0A2-870CC9A49150}.Debug|Any CPU.ActiveCfg = Debug|Any CPU
		{03587ED4-0A05-4CAF-A0A2-870CC9A49150}.Debug|Any CPU.Build.0 = Debug|Any CPU
		{03587ED4-0A05-4CAF-A0A2-870CC9A49150}.Release|Any CPU.ActiveCfg = Release|Any CPU
		{03587ED4-0A05-4CAF-A0A2-870CC9A49150}.Release|Any CPU.Build.0 = Release|Any CPU
		{3A77F872-DF2C-489F-9241-02A0A1C0AE6A}.Debug|Any CPU.ActiveCfg = Debug|Any CPU
		{3A77F872-DF2C-489F-9241-02A0A1C0AE6A}.Debug|Any CPU.Build.0 = Debug|Any CPU
		{3A77F872-DF2C-489F-9241-02A0A1C0AE6A}.Release|Any CPU.ActiveCfg = Release|Any CPU
		{3A77F872-DF2C-489F-9241-02A0A1C0AE6A}.Release|Any CPU.Build.0 = Release|Any CPU
		{60A08625-E879-49B0-AADE-72D6658445E8}.Debug|Any CPU.ActiveCfg = Debug|Any CPU
		{60A08625-E879-49B0-AADE-72D6658445E8}.Debug|Any CPU.Build.0 = Debug|Any CPU
		{60A08625-E879-49B0-AADE-72D6658445E8}.Release|Any CPU.ActiveCfg = Release|Any CPU
		{60A08625-E879-49B0-AADE-72D6658445E8}.Release|Any CPU.Build.0 = Release|Any CPU
		{667B95BE-C782-4CDE-ABA9-2DC94899FFC2}.Debug|Any CPU.ActiveCfg = Debug|Any CPU
		{667B95BE-C782-4CDE-ABA9-2DC94899FFC2}.Debug|Any CPU.Build.0 = Debug|Any CPU
		{667B95BE-C782-4CDE-ABA9-2DC94899FFC2}.Release|Any CPU.ActiveCfg = Release|Any CPU
		{667B95BE-C782-4CDE-ABA9-2DC94899FFC2}.Release|Any CPU.Build.0 = Release|Any CPU
		{1D2FEC23-CB5C-4807-A952-60779E830358}.Debug|Any CPU.ActiveCfg = Debug|Any CPU
		{1D2FEC23-CB5C-4807-A952-60779E830358}.Debug|Any CPU.Build.0 = Debug|Any CPU
		{1D2FEC23-CB5C-4807-A952-60779E830358}.Release|Any CPU.ActiveCfg = Release|Any CPU
		{1D2FEC23-CB5C-4807-A952-60779E830358}.Release|Any CPU.Build.0 = Release|Any CPU
		{6EE48652-7611-4876-9A49-74A1B980C86F}.Debug|Any CPU.ActiveCfg = Debug|Any CPU
		{6EE48652-7611-4876-9A49-74A1B980C86F}.Debug|Any CPU.Build.0 = Debug|Any CPU
		{6EE48652-7611-4876-9A49-74A1B980C86F}.Release|Any CPU.ActiveCfg = Release|Any CPU
		{6EE48652-7611-4876-9A49-74A1B980C86F}.Release|Any CPU.Build.0 = Release|Any CPU
		{1BCEA9A0-8FB1-46A6-9DBD-3BD8216710EC}.Debug|Any CPU.ActiveCfg = Debug|Any CPU
		{1BCEA9A0-8FB1-46A6-9DBD-3BD8216710EC}.Debug|Any CPU.Build.0 = Debug|Any CPU
		{1BCEA9A0-8FB1-46A6-9DBD-3BD8216710EC}.Release|Any CPU.ActiveCfg = Release|Any CPU
		{1BCEA9A0-8FB1-46A6-9DBD-3BD8216710EC}.Release|Any CPU.Build.0 = Release|Any CPU
		{7AD8FD1D-AFBC-4F42-B6E2-63E7E78A5988}.Debug|Any CPU.ActiveCfg = Debug|Any CPU
		{7AD8FD1D-AFBC-4F42-B6E2-63E7E78A5988}.Debug|Any CPU.Build.0 = Debug|Any CPU
		{7AD8FD1D-AFBC-4F42-B6E2-63E7E78A5988}.Release|Any CPU.ActiveCfg = Release|Any CPU
		{7AD8FD1D-AFBC-4F42-B6E2-63E7E78A5988}.Release|Any CPU.Build.0 = Release|Any CPU
		{803348E1-FFBB-46B9-B38B-CF811AFD9048}.Debug|Any CPU.ActiveCfg = Debug|Any CPU
		{803348E1-FFBB-46B9-B38B-CF811AFD9048}.Debug|Any CPU.Build.0 = Debug|Any CPU
		{803348E1-FFBB-46B9-B38B-CF811AFD9048}.Release|Any CPU.ActiveCfg = Release|Any CPU
		{803348E1-FFBB-46B9-B38B-CF811AFD9048}.Release|Any CPU.Build.0 = Release|Any CPU
		{077707D0-91D6-4BC9-A392-94DBAB63D2FA}.Debug|Any CPU.ActiveCfg = Debug|Any CPU
		{077707D0-91D6-4BC9-A392-94DBAB63D2FA}.Debug|Any CPU.Build.0 = Debug|Any CPU
		{077707D0-91D6-4BC9-A392-94DBAB63D2FA}.Release|Any CPU.ActiveCfg = Release|Any CPU
		{077707D0-91D6-4BC9-A392-94DBAB63D2FA}.Release|Any CPU.Build.0 = Release|Any CPU
		{D2D9478B-7669-47EF-8923-0748F3808E19}.Debug|Any CPU.ActiveCfg = Debug|Any CPU
		{D2D9478B-7669-47EF-8923-0748F3808E19}.Debug|Any CPU.Build.0 = Debug|Any CPU
		{D2D9478B-7669-47EF-8923-0748F3808E19}.Release|Any CPU.ActiveCfg = Release|Any CPU
		{D2D9478B-7669-47EF-8923-0748F3808E19}.Release|Any CPU.Build.0 = Release|Any CPU
		{01E8505D-B478-4CA9-A938-F4BD91C1DE1C}.Debug|Any CPU.ActiveCfg = Debug|Any CPU
		{01E8505D-B478-4CA9-A938-F4BD91C1DE1C}.Debug|Any CPU.Build.0 = Debug|Any CPU
		{01E8505D-B478-4CA9-A938-F4BD91C1DE1C}.Release|Any CPU.ActiveCfg = Release|Any CPU
		{01E8505D-B478-4CA9-A938-F4BD91C1DE1C}.Release|Any CPU.Build.0 = Release|Any CPU
		{A01B70B3-0F29-40E1-A7BF-EF145D7F6A15}.Debug|Any CPU.ActiveCfg = Debug|Any CPU
		{A01B70B3-0F29-40E1-A7BF-EF145D7F6A15}.Debug|Any CPU.Build.0 = Debug|Any CPU
		{A01B70B3-0F29-40E1-A7BF-EF145D7F6A15}.Release|Any CPU.ActiveCfg = Release|Any CPU
		{A01B70B3-0F29-40E1-A7BF-EF145D7F6A15}.Release|Any CPU.Build.0 = Release|Any CPU
		{2FB845E6-B6D4-4217-8666-F55AB35B15BA}.Debug|Any CPU.ActiveCfg = Debug|Any CPU
		{2FB845E6-B6D4-4217-8666-F55AB35B15BA}.Debug|Any CPU.Build.0 = Debug|Any CPU
		{2FB845E6-B6D4-4217-8666-F55AB35B15BA}.Release|Any CPU.ActiveCfg = Release|Any CPU
		{2FB845E6-B6D4-4217-8666-F55AB35B15BA}.Release|Any CPU.Build.0 = Release|Any CPU
		{3CD77317-DBE7-4FF6-B840-971DF4B72FA8}.Debug|Any CPU.ActiveCfg = Debug|Any CPU
		{3CD77317-DBE7-4FF6-B840-971DF4B72FA8}.Debug|Any CPU.Build.0 = Debug|Any CPU
		{3CD77317-DBE7-4FF6-B840-971DF4B72FA8}.Release|Any CPU.ActiveCfg = Release|Any CPU
		{3CD77317-DBE7-4FF6-B840-971DF4B72FA8}.Release|Any CPU.Build.0 = Release|Any CPU
		{D9305DD3-68F7-489B-B9F5-305401F2AE1B}.Debug|Any CPU.ActiveCfg = Debug|Any CPU
		{D9305DD3-68F7-489B-B9F5-305401F2AE1B}.Debug|Any CPU.Build.0 = Debug|Any CPU
		{D9305DD3-68F7-489B-B9F5-305401F2AE1B}.Release|Any CPU.ActiveCfg = Release|Any CPU
		{D9305DD3-68F7-489B-B9F5-305401F2AE1B}.Release|Any CPU.Build.0 = Release|Any CPU
		{1A7BD555-7DFE-44EB-813A-6A5FF4552472}.Debug|Any CPU.ActiveCfg = Debug|Any CPU
		{1A7BD555-7DFE-44EB-813A-6A5FF4552472}.Debug|Any CPU.Build.0 = Debug|Any CPU
		{1A7BD555-7DFE-44EB-813A-6A5FF4552472}.Release|Any CPU.ActiveCfg = Release|Any CPU
		{1A7BD555-7DFE-44EB-813A-6A5FF4552472}.Release|Any CPU.Build.0 = Release|Any CPU
	EndGlobalSection
	GlobalSection(NestedProjects) = preSolution
		{3313DD75-F503-4A4F-AC76-B93AC0ACE90F} = {6981640C-F67F-4A46-A176-C9EADD822314}
		{69DE2CC1-6A5C-41A6-989E-42AC3EC409A0} = {352B7680-BB85-423C-A045-6A5704706B9F}
		{8B1EC88C-8F44-490D-97C9-A2CD122120ED} = {6981640C-F67F-4A46-A176-C9EADD822314}
		{3D7A2626-922D-4937-A5C9-36D35C28F53B} = {6981640C-F67F-4A46-A176-C9EADD822314}
		{BC84E6C5-91F9-4E9B-9803-C8B1032E1B08} = {6981640C-F67F-4A46-A176-C9EADD822314}
		{25E915CB-BB65-4124-8FFC-C9EC3020A9F1} = {6981640C-F67F-4A46-A176-C9EADD822314}
		{03587ED4-0A05-4CAF-A0A2-870CC9A49150} = {6981640C-F67F-4A46-A176-C9EADD822314}
		{3A77F872-DF2C-489F-9241-02A0A1C0AE6A} = {6981640C-F67F-4A46-A176-C9EADD822314}
		{60A08625-E879-49B0-AADE-72D6658445E8} = {6981640C-F67F-4A46-A176-C9EADD822314}
		{667B95BE-C782-4CDE-ABA9-2DC94899FFC2} = {6981640C-F67F-4A46-A176-C9EADD822314}
		{1D2FEC23-CB5C-4807-A952-60779E830358} = {6981640C-F67F-4A46-A176-C9EADD822314}
		{6EE48652-7611-4876-9A49-74A1B980C86F} = {6981640C-F67F-4A46-A176-C9EADD822314}
		{1BCEA9A0-8FB1-46A6-9DBD-3BD8216710EC} = {6981640C-F67F-4A46-A176-C9EADD822314}
		{7AD8FD1D-AFBC-4F42-B6E2-63E7E78A5988} = {6981640C-F67F-4A46-A176-C9EADD822314}
		{803348E1-FFBB-46B9-B38B-CF811AFD9048} = {6981640C-F67F-4A46-A176-C9EADD822314}
		{077707D0-91D6-4BC9-A392-94DBAB63D2FA} = {6981640C-F67F-4A46-A176-C9EADD822314}
		{D2D9478B-7669-47EF-8923-0748F3808E19} = {6981640C-F67F-4A46-A176-C9EADD822314}
		{01E8505D-B478-4CA9-A938-F4BD91C1DE1C} = {6981640C-F67F-4A46-A176-C9EADD822314}
		{A01B70B3-0F29-40E1-A7BF-EF145D7F6A15} = {6981640C-F67F-4A46-A176-C9EADD822314}
		{2FB845E6-B6D4-4217-8666-F55AB35B15BA} = {6981640C-F67F-4A46-A176-C9EADD822314}
		{3CD77317-DBE7-4FF6-B840-971DF4B72FA8} = {6981640C-F67F-4A46-A176-C9EADD822314}
		{D9305DD3-68F7-489B-B9F5-305401F2AE1B} = {6981640C-F67F-4A46-A176-C9EADD822314}
		{1A7BD555-7DFE-44EB-813A-6A5FF4552472} = {6981640C-F67F-4A46-A176-C9EADD822314}
	EndGlobalSection
EndGlobal
