
Microsoft Visual Studio Solution File, Format Version 12.00
# Visual Studio Version 17
VisualStudioVersion = 17.0.31903.59
MinimumVisualStudioVersion = 10.0.40219.1
Project("{2150E333-8FDC-42A3-9474-1A3956D46DE8}") = "src", "src", "{6981640C-F67F-4A46-A176-C9EADD822314}"
EndProject
Project("{FAE04EC0-301F-11D3-BF4B-00C04F79EFBC}") = "Dsh.Cordis", "src\Dsh.Cordis\Dsh.Cordis.csproj", "{3313DD75-F503-4A4F-AC76-B93AC0ACE90F}"
EndProject
Project("{2150E333-8FDC-42A3-9474-1A3956D46DE8}") = "tests", "tests", "{352B7680-BB85-423C-A045-6A5704706B9F}"
EndProject
Project("{FAE04EC0-301F-11D3-BF4B-00C04F79EFBC}") = "Dsh.Tests", "tests\Dsh.Tests\Dsh.Tests.csproj", "{69DE2CC1-6A5C-41A6-989E-42AC3EC409A0}"
EndProject
Global
	GlobalSection(SolutionConfigurationPlatforms) = preSolution
		Debug|Any CPU = Debug|Any CPU
		Release|Any CPU = Release|Any CPU
	EndGlobalSection
	GlobalSection(SolutionProperties) = preSolution
		HideSolutionNode = FALSE
	EndGlobalSection
	GlobalSection(ProjectConfigurationPlatforms) = postSolution
		{3313DD75-F503-4A4F-AC76-B93AC0ACE90F}.Debug|Any CPU.ActiveCfg = Debug|Any CPU
		{3313DD75-F503-4A4F-AC76-B93AC0ACE90F}.Debug|Any CPU.Build.0 = Debug|Any CPU
		{3313DD75-F503-4A4F-AC76-B93AC0ACE90F}.Release|Any CPU.ActiveCfg = Release|Any CPU
		{3313DD75-F503-4A4F-AC76-B93AC0ACE90F}.Release|Any CPU.Build.0 = Release|Any CPU
		{69DE2CC1-6A5C-41A6-989E-42AC3EC409A0}.Debug|Any CPU.ActiveCfg = Debug|Any CPU
		{69DE2CC1-6A5C-41A6-989E-42AC3EC409A0}.Debug|Any CPU.Build.0 = Debug|Any CPU
		{69DE2CC1-6A5C-41A6-989E-42AC3EC409A0}.Release|Any CPU.ActiveCfg = Release|Any CPU
		{69DE2CC1-6A5C-41A6-989E-42AC3EC409A0}.Release|Any CPU.Build.0 = Release|Any CPU
	EndGlobalSection
	GlobalSection(NestedProjects) = preSolution
		{3313DD75-F503-4A4F-AC76-B93AC0ACE90F} = {6981640C-F67F-4A46-A176-C9EADD822314}
		{69DE2CC1-6A5C-41A6-989E-42AC3EC409A0} = {352B7680-BB85-423C-A045-6A5704706B9F}
	EndGlobalSection
EndGlobal
